{
    "name": "cppbridge",
    "version": "5.2.0",
    "lockfileVersion": 3,
    "requires": true,
    "packages": {
        "": {
            "name": "cppbridge",
            "version": "5.2.0",
            "license": "MIT",
            "engines": {
                "node": ">=14.0.0"
            },
            "optionalDependencies": {
                "node-addon-api": "^7.0.0"
            },
            "peerDependencies": {
                "koffi": "^2.15.0"
            }
        },
        "node_modules/koffi": {
            "version": "2.15.0",
            "resolved": "https://registry.npmjs.org/koffi/-/koffi-2.15.0.tgz",
            "integrity": "sha512-174BTuWK7L42Om7nDWy9YOTXj6Dkm14veuFf5yhVS5VU6GjtOI1Wjf+K16Z0JvSuZ3/NpkVzFBjE1oKbthTIEA==",
            "hasInstallScript": true,
            "license": "MIT",
            "peer": true,
            "funding": {
                "url": "https://buymeacoffee.com/koromix"
            }
        },
        "node_modules/node-addon-api": {
            "version": "7.1.1",
            "resolved": "https://registry.npmjs.org/node-addon-api/-/node-addon-api-7.1.1.tgz",
            "integrity": "sha512-5m3bsyrjFWE1xf7nz7YXdN4udnVtXK6/Yfgn5qnahL6bCkf2yKt4k3nuTKAtT4r3IG8JNR2ncsIMdZuAzJjHQQ==",
            "license": "MIT",
            "optional": true
        }
    }
}
